
Microsoft Visual Studio Solution File, Format Version 12.00
# Visual Studio Version 17
VisualStudioVersion = 17.6.33712.159
MinimumVisualStudioVersion = 10.0.40219.1
Project("{FAE04EC0-301F-11D3-BF4B-00C04F79EFBC}") = "VoetbalManager", "VoetbalManager\VoetbalManager.csproj", "{0AEC0BF5-1E42-42A6-A682-D3DEBA7DDC56}"
EndProject
Project("{FAE04EC0-301F-11D3-BF4B-00C04F79EFBC}") = "VoetbalManager.Models", "VoetbalManager.Models\VoetbalManager.Models.csproj", "{4C634D5F-BB3D-42D7-A6DF-FC512DB93EC6}"
EndProject
Global
	GlobalSection(SolutionConfigurationPlatforms) = preSolution
		Debug|Any CPU = Debug|Any CPU
		Release|Any CPU = Release|Any CPU
	EndGlobalSection
	GlobalSection(ProjectConfigurationPlatforms) = postSolution
		{0AEC0BF5-1E42-42A6-A682-D3DEBA7DDC56}.Debug|Any CPU.ActiveCfg = Debug|Any CPU
		{0AEC0BF5-1E42-42A6-A682-D3DEBA7DDC56}.Debug|Any CPU.Build.0 = Debug|Any CPU
		{0AEC0BF5-1E42-42A6-A682-D3DEBA7DDC56}.Release|Any CPU.ActiveCfg = Release|Any CPU
		{0AEC0BF5-1E42-42A6-A682-D3DEBA7DDC56}.Release|Any CPU.Build.0 = Release|Any CPU
		{4C634D5F-BB3D-42D7-A6DF-FC512DB93EC6}.Debug|Any CPU.ActiveCfg = Debug|Any CPU
		{4C634D5F-BB3D-42D7-A6DF-FC512DB93EC6}.Debug|Any CPU.Build.0 = Debug|Any CPU
		{4C634D5F-BB3D-42D7-A6DF-FC512DB93EC6}.Release|Any CPU.ActiveCfg = Release|Any CPU
		{4C634D5F-BB3D-42D7-A6DF-FC512DB93EC6}.Release|Any CPU.Build.0 = Release|Any CPU
	EndGlobalSection
	GlobalSection(SolutionProperties) = preSolution
		HideSolutionNode = FALSE
	EndGlobalSection
	GlobalSection(ExtensibilityGlobals) = postSolution
		SolutionGuid = {C3E65C62-814A-4047-ABF2-055266501F9B}
	EndGlobalSection
EndGlobal
